
Microsoft Visual Studio Solution File, Format Version 12.00
# Visual Studio Version 17
VisualStudioVersion = 17.7.34031.279
MinimumVisualStudioVersion = 10.0.40219.1
Project("{9A19103F-16F7-4668-BE54-9A1E7A4F7556}") = "TicTacToe", "TicTacToe\TicTacToe.csproj", "{02339762-92B8-4540-BF10-6F5B063F9DA9}"
EndProject
Project("{9A19103F-16F7-4668-BE54-9A1E7A4F7556}") = "Testing", "Testing\Testing.csproj", "{A99CBEDD-D124-485E-A6CC-60C7A356737A}"
EndProject
Project("{9A19103F-16F7-4668-BE54-9A1E7A4F7556}") = "GrabTheTreasure", "GrabTheTreasure\GrabTheTreasure.csproj", "{A667A900-2085-4BD8-A727-8F93905B70C5}"
EndProject
Project("{9A19103F-16F7-4668-BE54-9A1E7A4F7556}") = "OpenTheSafe", "OpenTheSafe\OpenTheSafe.csproj", "{6D12A480-7CE1-49D8-B7CA-8C475B052C6C}"
EndProject
Project("{FAE04EC0-301F-11D3-BF4B-00C04F79EFBC}") = "Goblins&GUIs-TheWinFormsChronicles", "Goblins&GUIs-TheWinFormsChronicles\Goblins&GUIs-TheWinFormsChronicles.csproj", "{B3E585E6-3C58-4167-A999-B25F7078D749}"
EndProject
Global
	GlobalSection(SolutionConfigurationPlatforms) = preSolution
		Debug|Any CPU = Debug|Any CPU
		Release|Any CPU = Release|Any CPU
	EndGlobalSection
	GlobalSection(ProjectConfigurationPlatforms) = postSolution
		{02339762-92B8-4540-BF10-6F5B063F9DA9}.Debug|Any CPU.ActiveCfg = Debug|Any CPU
		{02339762-92B8-4540-BF10-6F5B063F9DA9}.Debug|Any CPU.Build.0 = Debug|Any CPU
		{02339762-92B8-4540-BF10-6F5B063F9DA9}.Release|Any CPU.ActiveCfg = Release|Any CPU
		{02339762-92B8-4540-BF10-6F5B063F9DA9}.Release|Any CPU.Build.0 = Release|Any CPU
		{A99CBEDD-D124-485E-A6CC-60C7A356737A}.Debug|Any CPU.ActiveCfg = Debug|Any CPU
		{A99CBEDD-D124-485E-A6CC-60C7A356737A}.Debug|Any CPU.Build.0 = Debug|Any CPU
		{A99CBEDD-D124-485E-A6CC-60C7A356737A}.Release|Any CPU.ActiveCfg = Release|Any CPU
		{A99CBEDD-D124-485E-A6CC-60C7A356737A}.Release|Any CPU.Build.0 = Release|Any CPU
		{A667A900-2085-4BD8-A727-8F93905B70C5}.Debug|Any CPU.ActiveCfg = Debug|Any CPU
		{A667A900-2085-4BD8-A727-8F93905B70C5}.Debug|Any CPU.Build.0 = Debug|Any CPU
		{A667A900-2085-4BD8-A727-8F93905B70C5}.Release|Any CPU.ActiveCfg = Release|Any CPU
		{A667A900-2085-4BD8-A727-8F93905B70C5}.Release|Any CPU.Build.0 = Release|Any CPU
		{6D12A480-7CE1-49D8-B7CA-8C475B052C6C}.Debug|Any CPU.ActiveCfg = Debug|Any CPU
		{6D12A480-7CE1-49D8-B7CA-8C475B052C6C}.Debug|Any CPU.Build.0 = Debug|Any CPU
		{6D12A480-7CE1-49D8-B7CA-8C475B052C6C}.Release|Any CPU.ActiveCfg = Release|Any CPU
		{6D12A480-7CE1-49D8-B7CA-8C475B052C6C}.Release|Any CPU.Build.0 = Release|Any CPU
		{B3E585E6-3C58-4167-A999-B25F7078D749}.Debug|Any CPU.ActiveCfg = Debug|Any CPU
		{B3E585E6-3C58-4167-A999-B25F7078D749}.Debug|Any CPU.Build.0 = Debug|Any CPU
		{B3E585E6-3C58-4167-A999-B25F7078D749}.Release|Any CPU.ActiveCfg = Release|Any CPU
		{B3E585E6-3C58-4167-A999-B25F7078D749}.Release|Any CPU.Build.0 = Release|Any CPU
	EndGlobalSection
	GlobalSection(SolutionProperties) = preSolution
		HideSolutionNode = FALSE
	EndGlobalSection
	GlobalSection(ExtensibilityGlobals) = postSolution
		SolutionGuid = {4CE964E4-220A-4C53-B113-1E67D561DB71}
	EndGlobalSection
EndGlobal
